// !$*UTF8*$!
{
 archiveVersion = 1;
 classes = {};
 objectVersion = 56;
 objects = {
  A10000000000000000000001 /* BoredomBreakerApp.swift in Sources */ = {isa = PBXBuildFile; fileRef = B10000000000000000000001; };
  A10000000000000000000002 /* Models.swift in Sources */ = {isa = PBXBuildFile; fileRef = B10000000000000000000002; };
  A10000000000000000000003 /* AppStore.swift in Sources */ = {isa = PBXBuildFile; fileRef = B10000000000000000000003; };
  A10000000000000000000004 /* ContentView.swift in Sources */ = {isa = PBXBuildFile; fileRef = B10000000000000000000004; };
  A10000000000000000000006 /* RefinedResetViews.swift in Sources */ = {isa = PBXBuildFile; fileRef = B10000000000000000000008; };
  A10000000000000000000005 /* Assets.xcassets in Resources */ = {isa = PBXBuildFile; fileRef = B10000000000000000000005; };
  B10000000000000000000001 /* BoredomBreakerApp.swift */ = {isa = PBXFileReference; lastKnownFileType = sourcecode.swift; path = BoredomBreakerApp.swift; sourceTree = "<group>"; };
  B10000000000000000000002 /* Models.swift */ = {isa = PBXFileReference; lastKnownFileType = sourcecode.swift; path = Models.swift; sourceTree = "<group>"; };
  B10000000000000000000003 /* AppStore.swift */ = {isa = PBXFileReference; lastKnownFileType = sourcecode.swift; path = AppStore.swift; sourceTree = "<group>"; };
  B10000000000000000000004 /* ContentView.swift */ = {isa = PBXFileReference; lastKnownFileType = sourcecode.swift; path = ContentView.swift; sourceTree = "<group>"; };
  B10000000000000000000008 /* RefinedResetViews.swift */ = {isa = PBXFileReference; lastKnownFileType = sourcecode.swift; path = RefinedResetViews.swift; sourceTree = "<group>"; };
  B10000000000000000000005 /* Assets.xcassets */ = {isa = PBXFileReference; lastKnownFileType = folder.assetcatalog; path = Assets.xcassets; sourceTree = "<group>"; };
  B10000000000000000000006 /* Info.plist */ = {isa = PBXFileReference; lastKnownFileType = text.plist.xml; path = Info.plist; sourceTree = "<group>"; };
  B10000000000000000000007 /* BoredomBreaker.app */ = {isa = PBXFileReference; explicitFileType = wrapper.application; includeInIndex = 0; path = BreakerHD.app; sourceTree = BUILT_PRODUCTS_DIR; };
  C10000000000000000000001 = {isa = PBXGroup; children = (C10000000000000000000002, C10000000000000000000003); sourceTree = "<group>"; };
  C10000000000000000000002 /* BoredomBreaker */ = {isa = PBXGroup; path = BoredomBreaker; sourceTree = "<group>"; children = (B10000000000000000000001, B10000000000000000000002, B10000000000000000000003, B10000000000000000000004, B10000000000000000000008, B10000000000000000000005, B10000000000000000000006); };
  C10000000000000000000003 /* Products */ = {isa = PBXGroup; name = Products; sourceTree = "<group>"; children = (B10000000000000000000007); };
  D10000000000000000000001 /* BoredomBreaker */ = {isa = PBXNativeTarget; buildConfigurationList = E10000000000000000000001; buildPhases = (F10000000000000000000001, F10000000000000000000002, F10000000000000000000003); buildRules = (); dependencies = (); name = BoredomBreaker; productName = BoredomBreaker; productReference = B10000000000000000000007; productType = "com.apple.product-type.application"; };
  D10000000000000000000002 /* Project object */ = {isa = PBXProject; attributes = {BuildIndependentTargetsInParallel = 1; LastSwiftUpdateCheck = 1600; LastUpgradeCheck = 1600; TargetAttributes = {D10000000000000000000001 = {CreatedOnToolsVersion = 16.0; }; }; }; buildConfigurationList = E10000000000000000000002; compatibilityVersion = "Xcode 14.0"; developmentRegion = en; hasScannedForEncodings = 0; knownRegions = (en, Base); mainGroup = C10000000000000000000001; productRefGroup = C10000000000000000000003; projectDirPath = ""; projectRoot = ""; targets = (D10000000000000000000001); };
  E10000000000000000000001 = {isa = XCConfigurationList; buildConfigurations = (E20000000000000000000001, E20000000000000000000002); defaultConfigurationIsVisible = 0; defaultConfigurationName = Release; };
  E10000000000000000000002 = {isa = XCConfigurationList; buildConfigurations = (E20000000000000000000003, E20000000000000000000004); defaultConfigurationIsVisible = 0; defaultConfigurationName = Release; };
  E20000000000000000000001 /* Debug */ = {isa = XCBuildConfiguration; buildSettings = {ASSETCATALOG_COMPILER_APPICON_NAME = AppIcon; CODE_SIGN_STYLE = Automatic; CURRENT_PROJECT_VERSION = 2; GENERATE_INFOPLIST_FILE = NO; INFOPLIST_FILE = BoredomBreaker/Info.plist; IPHONEOS_DEPLOYMENT_TARGET = 17.0; MARKETING_VERSION = 0.2.0; PRODUCT_BUNDLE_IDENTIFIER = com.c15co.breakerhd; PRODUCT_NAME = BreakerHD; SDKROOT = iphoneos; SUPPORTED_PLATFORMS = "iphoneos iphonesimulator"; SWIFT_EMIT_LOC_STRINGS = YES; SWIFT_VERSION = 5.0; TARGETED_DEVICE_FAMILY = 1; }; name = Debug; };
  E20000000000000000000002 /* Release */ = {isa = XCBuildConfiguration; buildSettings = {ASSETCATALOG_COMPILER_APPICON_NAME = AppIcon; CODE_SIGN_STYLE = Automatic; CURRENT_PROJECT_VERSION = 2; GENERATE_INFOPLIST_FILE = NO; INFOPLIST_FILE = BoredomBreaker/Info.plist; IPHONEOS_DEPLOYMENT_TARGET = 17.0; MARKETING_VERSION = 0.2.0; PRODUCT_BUNDLE_IDENTIFIER = com.c15co.breakerhd; PRODUCT_NAME = BreakerHD; SDKROOT = iphoneos; SUPPORTED_PLATFORMS = "iphoneos iphonesimulator"; SWIFT_COMPILATION_MODE = wholemodule; SWIFT_EMIT_LOC_STRINGS = YES; SWIFT_VERSION = 5.0; TARGETED_DEVICE_FAMILY = 1; VALIDATE_PRODUCT = YES; }; name = Release; };
  E20000000000000000000003 /* Debug */ = {isa = XCBuildConfiguration; buildSettings = {ALWAYS_SEARCH_USER_PATHS = NO; CLANG_ENABLE_MODULES = YES; CLANG_ENABLE_OBJC_ARC = YES; ENABLE_STRICT_OBJC_MSGSEND = YES; GCC_C_LANGUAGE_STANDARD = gnu17; IPHONEOS_DEPLOYMENT_TARGET = 17.0; ONLY_ACTIVE_ARCH = YES; SDKROOT = iphoneos; SWIFT_ACTIVE_COMPILATION_CONDITIONS = DEBUG; SWIFT_OPTIMIZATION_LEVEL = "-Onone"; }; name = Debug; };
  E20000000000000000000004 /* Release */ = {isa = XCBuildConfiguration; buildSettings = {ALWAYS_SEARCH_USER_PATHS = NO; CLANG_ENABLE_MODULES = YES; CLANG_ENABLE_OBJC_ARC = YES; ENABLE_NS_ASSERTIONS = NO; ENABLE_STRICT_OBJC_MSGSEND = YES; GCC_C_LANGUAGE_STANDARD = gnu17; IPHONEOS_DEPLOYMENT_TARGET = 17.0; SDKROOT = iphoneos; SWIFT_COMPILATION_MODE = wholemodule; VALIDATE_PRODUCT = YES; }; name = Release; };
  F10000000000000000000001 /* Sources */ = {isa = PBXSourcesBuildPhase; buildActionMask = 2147483647; files = (A10000000000000000000001, A10000000000000000000002, A10000000000000000000003, A10000000000000000000004, A10000000000000000000006); runOnlyForDeploymentPostprocessing = 0; };
  F10000000000000000000002 /* Frameworks */ = {isa = PBXFrameworksBuildPhase; buildActionMask = 2147483647; files = (); runOnlyForDeploymentPostprocessing = 0; };
  F10000000000000000000003 /* Resources */ = {isa = PBXResourcesBuildPhase; buildActionMask = 2147483647; files = (A10000000000000000000005); runOnlyForDeploymentPostprocessing = 0; };
 };
 rootObject = D10000000000000000000002;
}
